// !$*UTF8*$!
{
	archiveVersion = 1;
	classes = {
	};
	objectVersion = 77;
	objects = {

/* Begin PBXBuildFile section */
		409E6FD12F18E78300578499 /* Preview Assets.xcassets in Resources */ = {isa = PBXBuildFile; fileRef = 409E6FCB2F18E78300578499 /* Preview Assets.xcassets */; };
		409E6FD22F18E78300578499 /* Assets.xcassets in Resources */ = {isa = PBXBuildFile; fileRef = 409E6FCD2F18E78300578499 /* Assets.xcassets */; };
		409E6FD32F18E78300578499 /* Auth_SwiftUI_TestApp.swift in Sources */ = {isa = PBXBuildFile; fileRef = 409E6FCE2F18E78300578499 /* Auth_SwiftUI_TestApp.swift */; };
		409E6FD92F18E84100578499 /* EmailField.swift in Sources */ = {isa = PBXBuildFile; fileRef = 409E6FD82F18E84100578499 /* EmailField.swift */; };
		409E6FDC2F18E96D00578499 /* DefaultTextFieldStyle.swift in Sources */ = {isa = PBXBuildFile; fileRef = 409E6FDB2F18E96D00578499 /* DefaultTextFieldStyle.swift */; };
		409E6FDE2F18EB6100578499 /* PasswordField.swift in Sources */ = {isa = PBXBuildFile; fileRef = 409E6FDD2F18EB6100578499 /* PasswordField.swift */; };
		409E6FE12F18EC0400578499 /* LoginView.swift in Sources */ = {isa = PBXBuildFile; fileRef = 409E6FE02F18EC0400578499 /* LoginView.swift */; };
		409E6FE42F18ECF600578499 /* HomeView.swift in Sources */ = {isa = PBXBuildFile; fileRef = 409E6FE32F18ECF600578499 /* HomeView.swift */; };
		409E6FE72F18ED0800578499 /* RegisterView.swift in Sources */ = {isa = PBXBuildFile; fileRef = 409E6FE62F18ED0800578499 /* RegisterView.swift */; };
		409E6FE92F18EFD200578499 /* MainButtonStyle.swift in Sources */ = {isa = PBXBuildFile; fileRef = 409E6FE82F18EFD200578499 /* MainButtonStyle.swift */; };
/* End PBXBuildFile section */

/* Begin PBXContainerItemProxy section */
		409E6FAF2F18E74B00578499 /* PBXContainerItemProxy */ = {
			isa = PBXContainerItemProxy;
			containerPortal = 409E6F962F18E74900578499 /* Project object */;
			proxyType = 1;
			remoteGlobalIDString = 409E6F9D2F18E74900578499;
			remoteInfo = "Auth SwiftUI Test";
		};
		409E6FB92F18E74B00578499 /* PBXContainerItemProxy */ = {
			isa = PBXContainerItemProxy;
			containerPortal = 409E6F962F18E74900578499 /* Project object */;
			proxyType = 1;
			remoteGlobalIDString = 409E6F9D2F18E74900578499;
			remoteInfo = "Auth SwiftUI Test";
		};
/* End PBXContainerItemProxy section */

/* Begin PBXFileReference section */
		409E6F9E2F18E74900578499 /* Auth SwiftUI Test.app */ = {isa = PBXFileReference; explicitFileType = wrapper.application; includeInIndex = 0; path = "Auth SwiftUI Test.app"; sourceTree = BUILT_PRODUCTS_DIR; };
		409E6FAE2F18E74B00578499 /* Auth SwiftUI TestTests.xctest */ = {isa = PBXFileReference; explicitFileType = wrapper.cfbundle; includeInIndex = 0; path = "Auth SwiftUI TestTests.xctest"; sourceTree = BUILT_PRODUCTS_DIR; };
		409E6FB82F18E74B00578499 /* Auth SwiftUI TestUITests.xctest */ = {isa = PBXFileReference; explicitFileType = wrapper.cfbundle; includeInIndex = 0; path = "Auth SwiftUI TestUITests.xctest"; sourceTree = BUILT_PRODUCTS_DIR; };
		409E6FCB2F18E78300578499 /* Preview Assets.xcassets */ = {isa = PBXFileReference; lastKnownFileType = folder.assetcatalog; path = "Preview Assets.xcassets"; sourceTree = "<group>"; };
		409E6FCD2F18E78300578499 /* Assets.xcassets */ = {isa = PBXFileReference; lastKnownFileType = folder.assetcatalog; path = Assets.xcassets; sourceTree = "<group>"; };
		409E6FCE2F18E78300578499 /* Auth_SwiftUI_TestApp.swift */ = {isa = PBXFileReference; lastKnownFileType = sourcecode.swift; path = Auth_SwiftUI_TestApp.swift; sourceTree = "<group>"; };
		409E6FD82F18E84100578499 /* EmailField.swift */ = {isa = PBXFileReference; lastKnownFileType = sourcecode.swift; path = EmailField.swift; sourceTree = "<group>"; };
		409E6FDB2F18E96D00578499 /* DefaultTextFieldStyle.swift */ = {isa = PBXFileReference; lastKnownFileType = sourcecode.swift; path = DefaultTextFieldStyle.swift; sourceTree = "<group>"; };
		409E6FDD2F18EB6100578499 /* PasswordField.swift */ = {isa = PBXFileReference; lastKnownFileType = sourcecode.swift; path = PasswordField.swift; sourceTree = "<group>"; };
		409E6FE02F18EC0400578499 /* LoginView.swift */ = {isa = PBXFileReference; lastKnownFileType = sourcecode.swift; path = LoginView.swift; sourceTree = "<group>"; };
		409E6FE32F18ECF600578499 /* HomeView.swift */ = {isa = PBXFileReference; lastKnownFileType = sourcecode.swift; path = HomeView.swift; sourceTree = "<group>"; };
		409E6FE62F18ED0800578499 /* RegisterView.swift */ = {isa = PBXFileReference; lastKnownFileType = sourcecode.swift; path = RegisterView.swift; sourceTree = "<group>"; };
		409E6FE82F18EFD200578499 /* MainButtonStyle.swift */ = {isa = PBXFileReference; lastKnownFileType = sourcecode.swift; path = MainButtonStyle.swift; sourceTree = "<group>"; };
/* End PBXFileReference section */

/* Begin PBXFileSystemSynchronizedRootGroup section */
		409E6FB12F18E74B00578499 /* Auth SwiftUI TestTests */ = {
			isa = PBXFileSystemSynchronizedRootGroup;
			path = "Auth SwiftUI TestTests";
			sourceTree = "<group>";
		};
		409E6FBB2F18E74B00578499 /* Auth SwiftUI TestUITests */ = {
			isa = PBXFileSystemSynchronizedRootGroup;
			path = "Auth SwiftUI TestUITests";
			sourceTree = "<group>";
		};
/* End PBXFileSystemSynchronizedRootGroup section */

/* Begin PBXFrameworksBuildPhase section */
		409E6F9B2F18E74900578499 /* Frameworks */ = {
			isa = PBXFrameworksBuildPhase;
			buildActionMask = 2147483647;
			files = (
			);
			runOnlyForDeploymentPostprocessing = 0;
		};
		409E6FAB2F18E74B00578499 /* Frameworks */ = {
			isa = PBXFrameworksBuildPhase;
			buildActionMask = 2147483647;
			files = (
			);
			runOnlyForDeploymentPostprocessing = 0;
		};
		409E6FB52F18E74B00578499 /* Frameworks */ = {
			isa = PBXFrameworksBuildPhase;
			buildActionMask = 2147483647;
			files = (
			);
			runOnlyForDeploymentPostprocessing = 0;
		};
/* End PBXFrameworksBuildPhase section */

/* Begin PBXGroup section */
		409E6F952F18E74900578499 = {
			isa = PBXGroup;
			children = (
				409E6FD02F18E78300578499 /* Auth SwiftUI Test */,
				409E6FB12F18E74B00578499 /* Auth SwiftUI TestTests */,
				409E6FBB2F18E74B00578499 /* Auth SwiftUI TestUITests */,
				409E6F9F2F18E74900578499 /* Products */,
			);
			sourceTree = "<group>";
		};
		409E6F9F2F18E74900578499 /* Products */ = {
			isa = PBXGroup;
			children = (
				409E6F9E2F18E74900578499 /* Auth SwiftUI Test.app */,
				409E6FAE2F18E74B00578499 /* Auth SwiftUI TestTests.xctest */,
				409E6FB82F18E74B00578499 /* Auth SwiftUI TestUITests.xctest */,
			);
			name = Products;
			sourceTree = "<group>";
		};
		409E6FCC2F18E78300578499 /* Preview Content */ = {
			isa = PBXGroup;
			children = (
				409E6FCB2F18E78300578499 /* Preview Assets.xcassets */,
			);
			path = "Preview Content";
			sourceTree = "<group>";
		};
		409E6FD02F18E78300578499 /* Auth SwiftUI Test */ = {
			isa = PBXGroup;
			children = (
				409E6FCE2F18E78300578499 /* Auth_SwiftUI_TestApp.swift */,
				409E6FD72F18E7B700578499 /* SharedViews */,
				409E6FD62F18E7B200578499 /* Screens */,
				409E6FD52F18E78C00578499 /* Resources */,
				409E6FCC2F18E78300578499 /* Preview Content */,
			);
			path = "Auth SwiftUI Test";
			sourceTree = "<group>";
		};
		409E6FD52F18E78C00578499 /* Resources */ = {
			isa = PBXGroup;
			children = (
				409E6FCD2F18E78300578499 /* Assets.xcassets */,
			);
			path = Resources;
			sourceTree = "<group>";
		};
		409E6FD62F18E7B200578499 /* Screens */ = {
			isa = PBXGroup;
			children = (
				409E6FE22F18ECEF00578499 /* Home */,
				409E6FE52F18ECFC00578499 /* Register */,
				409E6FDF2F18EBFE00578499 /* Login */,
			);
			path = Screens;
			sourceTree = "<group>";
		};
		409E6FD72F18E7B700578499 /* SharedViews */ = {
			isa = PBXGroup;
			children = (
				409E6FF02F18F40700578499 /* Styles */,
				409E6FD82F18E84100578499 /* EmailField.swift */,
				409E6FDD2F18EB6100578499 /* PasswordField.swift */,
			);
			path = SharedViews;
			sourceTree = "<group>";
		};
		409E6FDF2F18EBFE00578499 /* Login */ = {
			isa = PBXGroup;
			children = (
				409E6FE02F18EC0400578499 /* LoginView.swift */,
			);
			path = Login;
			sourceTree = "<group>";
		};
		409E6FE22F18ECEF00578499 /* Home */ = {
			isa = PBXGroup;
			children = (
				409E6FE32F18ECF600578499 /* HomeView.swift */,
			);
			path = Home;
			sourceTree = "<group>";
		};
		409E6FE52F18ECFC00578499 /* Register */ = {
			isa = PBXGroup;
			children = (
				409E6FE62F18ED0800578499 /* RegisterView.swift */,
			);
			path = Register;
			sourceTree = "<group>";
		};
		409E6FF02F18F40700578499 /* Styles */ = {
			isa = PBXGroup;
			children = (
				409E6FDB2F18E96D00578499 /* DefaultTextFieldStyle.swift */,
				409E6FE82F18EFD200578499 /* MainButtonStyle.swift */,
			);
			path = Styles;
			sourceTree = "<group>";
		};
/* End PBXGroup section */

/* Begin PBXNativeTarget section */
		409E6F9D2F18E74900578499 /* Auth SwiftUI Test */ = {
			isa = PBXNativeTarget;
			buildConfigurationList = 409E6FC22F18E74B00578499 /* Build configuration list for PBXNativeTarget "Auth SwiftUI Test" */;
			buildPhases = (
				409E6F9A2F18E74900578499 /* Sources */,
				409E6F9B2F18E74900578499 /* Frameworks */,
				409E6F9C2F18E74900578499 /* Resources */,
			);
			buildRules = (
			);
			dependencies = (
			);
			name = "Auth SwiftUI Test";
			packageProductDependencies = (
			);
			productName = "Auth SwiftUI Test";
			productReference = 409E6F9E2F18E74900578499 /* Auth SwiftUI Test.app */;
			productType = "com.apple.product-type.application";
		};
		409E6FAD2F18E74B00578499 /* Auth SwiftUI TestTests */ = {
			isa = PBXNativeTarget;
			buildConfigurationList = 409E6FC52F18E74B00578499 /* Build configuration list for PBXNativeTarget "Auth SwiftUI TestTests" */;
			buildPhases = (
				409E6FAA2F18E74B00578499 /* Sources */,
				409E6FAB2F18E74B00578499 /* Frameworks */,
				409E6FAC2F18E74B00578499 /* Resources */,
			);
			buildRules = (
			);
			dependencies = (
				409E6FB02F18E74B00578499 /* PBXTargetDependency */,
			);
			fileSystemSynchronizedGroups = (
				409E6FB12F18E74B00578499 /* Auth SwiftUI TestTests */,
			);
			name = "Auth SwiftUI TestTests";
			packageProductDependencies = (
			);
			productName = "Auth SwiftUI TestTests";
			productReference = 409E6FAE2F18E74B00578499 /* Auth SwiftUI TestTests.xctest */;
			productType = "com.apple.product-type.bundle.unit-test";
		};
		409E6FB72F18E74B00578499 /* Auth SwiftUI TestUITests */ = {
			isa = PBXNativeTarget;
			buildConfigurationList = 409E6FC82F18E74B00578499 /* Build configuration list for PBXNativeTarget "Auth SwiftUI TestUITests" */;
			buildPhases = (
				409E6FB42F18E74B00578499 /* Sources */,
				409E6FB52F18E74B00578499 /* Frameworks */,
				409E6FB62F18E74B00578499 /* Resources */,
			);
			buildRules = (
			);
			dependencies = (
				409E6FBA2F18E74B00578499 /* PBXTargetDependency */,
			);
			fileSystemSynchronizedGroups = (
				409E6FBB2F18E74B00578499 /* Auth SwiftUI TestUITests */,
			);
			name = "Auth SwiftUI TestUITests";
			packageProductDependencies = (
			);
			productName = "Auth SwiftUI TestUITests";
			productReference = 409E6FB82F18E74B00578499 /* Auth SwiftUI TestUITests.xctest */;
			productType = "com.apple.product-type.bundle.ui-testing";
		};
/* End PBXNativeTarget section */

/* Begin PBXProject section */
		409E6F962F18E74900578499 /* Project object */ = {
			isa = PBXProject;
			attributes = {
				BuildIndependentTargetsInParallel = 1;
				LastSwiftUpdateCheck = 1620;
				LastUpgradeCheck = 1620;
				TargetAttributes = {
					409E6F9D2F18E74900578499 = {
						CreatedOnToolsVersion = 16.2;
					};
					409E6FAD2F18E74B00578499 = {
						CreatedOnToolsVersion = 16.2;
						TestTargetID = 409E6F9D2F18E74900578499;
					};
					409E6FB72F18E74B00578499 = {
						CreatedOnToolsVersion = 16.2;
						TestTargetID = 409E6F9D2F18E74900578499;
					};
				};
			};
			buildConfigurationList = 409E6F992F18E74900578499 /* Build configuration list for PBXProject "Auth SwiftUI Test" */;
			developmentRegion = en;
			hasScannedForEncodings = 0;
			knownRegions = (
				en,
				Base,
			);
			mainGroup = 409E6F952F18E74900578499;
			minimizedProjectReferenceProxies = 1;
			preferredProjectObjectVersion = 77;
			productRefGroup = 409E6F9F2F18E74900578499 /* Products */;
			projectDirPath = "";
			projectRoot = "";
			targets = (
				409E6F9D2F18E74900578499 /* Auth SwiftUI Test */,
				409E6FAD2F18E74B00578499 /* Auth SwiftUI TestTests */,
				409E6FB72F18E74B00578499 /* Auth SwiftUI TestUITests */,
			);
		};
/* End PBXProject section */

/* Begin PBXResourcesBuildPhase section */
		409E6F9C2F18E74900578499 /* Resources */ = {
			isa = PBXResourcesBuildPhase;
			buildActionMask = 2147483647;
			files = (
				409E6FD12F18E78300578499 /* Preview Assets.xcassets in Resources */,
				409E6FD22F18E78300578499 /* Assets.xcassets in Resources */,
			);
			runOnlyForDeploymentPostprocessing = 0;
		};
		409E6FAC2F18E74B00578499 /* Resources */ = {
			isa = PBXResourcesBuildPhase;
			buildActionMask = 2147483647;
			files = (
			);
			runOnlyForDeploymentPostprocessing = 0;
		};
		409E6FB62F18E74B00578499 /* Resources */ = {
			isa = PBXResourcesBuildPhase;
			buildActionMask = 2147483647;
			files = (
			);
			runOnlyForDeploymentPostprocessing = 0;
		};
/* End PBXResourcesBuildPhase section */

/* Begin PBXSourcesBuildPhase section */
		409E6F9A2F18E74900578499 /* Sources */ = {
			isa = PBXSourcesBuildPhase;
			buildActionMask = 2147483647;
			files = (
				409E6FE12F18EC0400578499 /* LoginView.swift in Sources */,
				409E6FE42F18ECF600578499 /* HomeView.swift in Sources */,
				409E6FD32F18E78300578499 /* Auth_SwiftUI_TestApp.swift in Sources */,
				409E6FDC2F18E96D00578499 /* DefaultTextFieldStyle.swift in Sources */,
				409E6FD92F18E84100578499 /* EmailField.swift in Sources */,
				409E6FE72F18ED0800578499 /* RegisterView.swift in Sources */,
				409E6FDE2F18EB6100578499 /* PasswordField.swift in Sources */,
				409E6FE92F18EFD200578499 /* MainButtonStyle.swift in Sources */,
			);
			runOnlyForDeploymentPostprocessing = 0;
		};
		409E6FAA2F18E74B00578499 /* Sources */ = {
			isa = PBXSourcesBuildPhase;
			buildActionMask = 2147483647;
			files = (
			);
			runOnlyForDeploymentPostprocessing = 0;
		};
		409E6FB42F18E74B00578499 /* Sources */ = {
			isa = PBXSourcesBuildPhase;
			buildActionMask = 2147483647;
			files = (
			);
			runOnlyForDeploymentPostprocessing = 0;
		};
/* End PBXSourcesBuildPhase section */

/* Begin PBXTargetDependency section */
		409E6FB02F18E74B00578499 /* PBXTargetDependency */ = {
			isa = PBXTargetDependency;
			target = 409E6F9D2F18E74900578499 /* Auth SwiftUI Test */;
			targetProxy = 409E6FAF2F18E74B00578499 /* PBXContainerItemProxy */;
		};
		409E6FBA2F18E74B00578499 /* PBXTargetDependency */ = {
			isa = PBXTargetDependency;
			target = 409E6F9D2F18E74900578499 /* Auth SwiftUI Test */;
			targetProxy = 409E6FB92F18E74B00578499 /* PBXContainerItemProxy */;
		};
/* End PBXTargetDependency section */

/* Begin XCBuildConfiguration section */
		409E6FC02F18E74B00578499 /* Debug */ = {
			isa = XCBuildConfiguration;
			buildSettings = {
				ALWAYS_SEARCH_USER_PATHS = NO;
				ASSETCATALOG_COMPILER_GENERATE_SWIFT_ASSET_SYMBOL_EXTENSIONS = YES;
				CLANG_ANALYZER_NONNULL = YES;
				CLANG_ANALYZER_NUMBER_OBJECT_CONVERSION = YES_AGGRESSIVE;
				CLANG_CXX_LANGUAGE_STANDARD = "gnu++20";
				CLANG_ENABLE_MODULES = YES;
				CLANG_ENABLE_OBJC_ARC = YES;
				CLANG_ENABLE_OBJC_WEAK = YES;
				CLANG_WARN_BLOCK_CAPTURE_AUTORELEASING = YES;
				CLANG_WARN_BOOL_CONVERSION = YES;
				CLANG_WARN_COMMA = YES;
				CLANG_WARN_CONSTANT_CONVERSION = YES;
				CLANG_WARN_DEPRECATED_OBJC_IMPLEMENTATIONS = YES;
				CLANG_WARN_DIRECT_OBJC_ISA_USAGE = YES_ERROR;
				CLANG_WARN_DOCUMENTATION_COMMENTS = YES;
				CLANG_WARN_EMPTY_BODY = YES;
				CLANG_WARN_ENUM_CONVERSION = YES;
				CLANG_WARN_INFINITE_RECURSION = YES;
				CLANG_WARN_INT_CONVERSION = YES;
				CLANG_WARN_NON_LITERAL_NULL_CONVERSION = YES;
				CLANG_WARN_OBJC_IMPLICIT_RETAIN_SELF = YES;
				CLANG_WARN_OBJC_LITERAL_CONVERSION = YES;
				CLANG_WARN_OBJC_ROOT_CLASS = YES_ERROR;
				CLANG_WARN_QUOTED_INCLUDE_IN_FRAMEWORK_HEADER = YES;
				CLANG_WARN_RANGE_LOOP_ANALYSIS = YES;
				CLANG_WARN_STRICT_PROTOTYPES = YES;
				CLANG_WARN_SUSPICIOUS_MOVE = YES;
				CLANG_WARN_UNGUARDED_AVAILABILITY = YES_AGGRESSIVE;
				CLANG_WARN_UNREACHABLE_CODE = YES;
				CLANG_WARN__DUPLICATE_METHOD_MATCH = YES;
				COPY_PHASE_STRIP = NO;
				DEBUG_INFORMATION_FORMAT = dwarf;
				ENABLE_STRICT_OBJC_MSGSEND = YES;
				ENABLE_TESTABILITY = YES;
				ENABLE_USER_SCRIPT_SANDBOXING = YES;
				GCC_C_LANGUAGE_STANDARD = gnu17;
				GCC_DYNAMIC_NO_PIC = NO;
				GCC_NO_COMMON_BLOCKS = YES;
				GCC_OPTIMIZATION_LEVEL = 0;
				GCC_PREPROCESSOR_DEFINITIONS = (
					"DEBUG=1",
					"$(inherited)",
				);
				GCC_WARN_64_TO_32_BIT_CONVERSION = YES;
				GCC_WARN_ABOUT_RETURN_TYPE = YES_ERROR;
				GCC_WARN_UNDECLARED_SELECTOR = YES;
				GCC_WARN_UNINITIALIZED_AUTOS = YES_AGGRESSIVE;
				GCC_WARN_UNUSED_FUNCTION = YES;
				GCC_WARN_UNUSED_VARIABLE = YES;
				IPHONEOS_DEPLOYMENT_TARGET = 18.2;
				LOCALIZATION_PREFERS_STRING_CATALOGS = YES;
				MTL_ENABLE_DEBUG_INFO = INCLUDE_SOURCE;
				MTL_FAST_MATH = YES;
				ONLY_ACTIVE_ARCH = YES;
				SDKROOT = iphoneos;
				SWIFT_ACTIVE_COMPILATION_CONDITIONS = "DEBUG $(inherited)";
				SWIFT_OPTIMIZATION_LEVEL = "-Onone";
			};
			name = Debug;
		};
		409E6FC12F18E74B00578499 /* Release */ = {
			isa = XCBuildConfiguration;
			buildSettings = {
				ALWAYS_SEARCH_USER_PATHS = NO;
				ASSETCATALOG_COMPILER_GENERATE_SWIFT_ASSET_SYMBOL_EXTENSIONS = YES;
				CLANG_ANALYZER_NONNULL = YES;
				CLANG_ANALYZER_NUMBER_OBJECT_CONVERSION = YES_AGGRESSIVE;
				CLANG_CXX_LANGUAGE_STANDARD = "gnu++20";
				CLANG_ENABLE_MODULES = YES;
				CLANG_ENABLE_OBJC_ARC = YES;
				CLANG_ENABLE_OBJC_WEAK = YES;
				CLANG_WARN_BLOCK_CAPTURE_AUTORELEASING = YES;
				CLANG_WARN_BOOL_CONVERSION = YES;
				CLANG_WARN_COMMA = YES;
				CLANG_WARN_CONSTANT_CONVERSION = YES;
				CLANG_WARN_DEPRECATED_OBJC_IMPLEMENTATIONS = YES;
				CLANG_WARN_DIRECT_OBJC_ISA_USAGE = YES_ERROR;
				CLANG_WARN_DOCUMENTATION_COMMENTS = YES;
				CLANG_WARN_EMPTY_BODY = YES;
				CLANG_WARN_ENUM_CONVERSION = YES;
				CLANG_WARN_INFINITE_RECURSION = YES;
				CLANG_WARN_INT_CONVERSION = YES;
				CLANG_WARN_NON_LITERAL_NULL_CONVERSION = YES;
				CLANG_WARN_OBJC_IMPLICIT_RETAIN_SELF = YES;
				CLANG_WARN_OBJC_LITERAL_CONVERSION = YES;
				CLANG_WARN_OBJC_ROOT_CLASS = YES_ERROR;
				CLANG_WARN_QUOTED_INCLUDE_IN_FRAMEWORK_HEADER = YES;
				CLANG_WARN_RANGE_LOOP_ANALYSIS = YES;
				CLANG_WARN_STRICT_PROTOTYPES = YES;
				CLANG_WARN_SUSPICIOUS_MOVE = YES;
				CLANG_WARN_UNGUARDED_AVAILABILITY = YES_AGGRESSIVE;
				CLANG_WARN_UNREACHABLE_CODE = YES;
				CLANG_WARN__DUPLICATE_METHOD_MATCH = YES;
				COPY_PHASE_STRIP = NO;
				DEBUG_INFORMATION_FORMAT = "dwarf-with-dsym";
				ENABLE_NS_ASSERTIONS = NO;
				ENABLE_STRICT_OBJC_MSGSEND = YES;
				ENABLE_USER_SCRIPT_SANDBOXING = YES;
				GCC_C_LANGUAGE_STANDARD = gnu17;
				GCC_NO_COMMON_BLOCKS = YES;
				GCC_WARN_64_TO_32_BIT_CONVERSION = YES;
				GCC_WARN_ABOUT_RETURN_TYPE = YES_ERROR;
				GCC_WARN_UNDECLARED_SELECTOR = YES;
				GCC_WARN_UNINITIALIZED_AUTOS = YES_AGGRESSIVE;
				GCC_WARN_UNUSED_FUNCTION = YES;
				GCC_WARN_UNUSED_VARIABLE = YES;
				IPHONEOS_DEPLOYMENT_TARGET = 18.2;
				LOCALIZATION_PREFERS_STRING_CATALOGS = YES;
				MTL_ENABLE_DEBUG_INFO = NO;
				MTL_FAST_MATH = YES;
				SDKROOT = iphoneos;
				SWIFT_COMPILATION_MODE = wholemodule;
				VALIDATE_PRODUCT = YES;
			};
			name = Release;
		};
		409E6FC32F18E74B00578499 /* Debug */ = {
			isa = XCBuildConfiguration;
			buildSettings = {
				ASSETCATALOG_COMPILER_APPICON_NAME = AppIcon;
				ASSETCATALOG_COMPILER_GLOBAL_ACCENT_COLOR_NAME = AccentColor;
				CODE_SIGN_STYLE = Automatic;
				CURRENT_PROJECT_VERSION = 1;
				DEVELOPMENT_ASSET_PATHS = "\"Auth SwiftUI Test/Preview Content\"";
				ENABLE_PREVIEWS = YES;
				GENERATE_INFOPLIST_FILE = YES;
				INFOPLIST_KEY_UIApplicationSceneManifest_Generation = YES;
				INFOPLIST_KEY_UIApplicationSupportsIndirectInputEvents = YES;
				INFOPLIST_KEY_UILaunchScreen_Generation = YES;
				INFOPLIST_KEY_UISupportedInterfaceOrientations_iPad = "UIInterfaceOrientationPortrait UIInterfaceOrientationPortraitUpsideDown UIInterfaceOrientationLandscapeLeft UIInterfaceOrientationLandscapeRight";
				INFOPLIST_KEY_UISupportedInterfaceOrientations_iPhone = "UIInterfaceOrientationPortrait UIInterfaceOrientationLandscapeLeft UIInterfaceOrientationLandscapeRight";
				LD_RUNPATH_SEARCH_PATHS = (
					"$(inherited)",
					"@executable_path/Frameworks",
				);
				MARKETING_VERSION = 1.0;
				PRODUCT_BUNDLE_IDENTIFIER = "hellensoloviy.Auth-SwiftUI-Test";
				PRODUCT_NAME = "$(TARGET_NAME)";
				SWIFT_EMIT_LOC_STRINGS = YES;
				SWIFT_VERSION = 5.0;
				TARGETED_DEVICE_FAMILY = "1,2";
			};
			name = Debug;
		};
		409E6FC42F18E74B00578499 /* Release */ = {
			isa = XCBuildConfiguration;
			buildSettings = {
				ASSETCATALOG_COMPILER_APPICON_NAME = AppIcon;
				ASSETCATALOG_COMPILER_GLOBAL_ACCENT_COLOR_NAME = AccentColor;
				CODE_SIGN_STYLE = Automatic;
				CURRENT_PROJECT_VERSION = 1;
				DEVELOPMENT_ASSET_PATHS = "\"Auth SwiftUI Test/Preview Content\"";
				ENABLE_PREVIEWS = YES;
				GENERATE_INFOPLIST_FILE = YES;
				INFOPLIST_KEY_UIApplicationSceneManifest_Generation = YES;
				INFOPLIST_KEY_UIApplicationSupportsIndirectInputEvents = YES;
				INFOPLIST_KEY_UILaunchScreen_Generation = YES;
				INFOPLIST_KEY_UISupportedInterfaceOrientations_iPad = "UIInterfaceOrientationPortrait UIInterfaceOrientationPortraitUpsideDown UIInterfaceOrientationLandscapeLeft UIInterfaceOrientationLandscapeRight";
				INFOPLIST_KEY_UISupportedInterfaceOrientations_iPhone = "UIInterfaceOrientationPortrait UIInterfaceOrientationLandscapeLeft UIInterfaceOrientationLandscapeRight";
				LD_RUNPATH_SEARCH_PATHS = (
					"$(inherited)",
					"@executable_path/Frameworks",
				);
				MARKETING_VERSION = 1.0;
				PRODUCT_BUNDLE_IDENTIFIER = "hellensoloviy.Auth-SwiftUI-Test";
				PRODUCT_NAME = "$(TARGET_NAME)";
				SWIFT_EMIT_LOC_STRINGS = YES;
				SWIFT_VERSION = 5.0;
				TARGETED_DEVICE_FAMILY = "1,2";
			};
			name = Release;
		};
		409E6FC62F18E74B00578499 /* Debug */ = {
			isa = XCBuildConfiguration;
			buildSettings = {
				BUNDLE_LOADER = "$(TEST_HOST)";
				CODE_SIGN_STYLE = Automatic;
				CURRENT_PROJECT_VERSION = 1;
				GENERATE_INFOPLIST_FILE = YES;
				IPHONEOS_DEPLOYMENT_TARGET = 18.2;
				MARKETING_VERSION = 1.0;
				PRODUCT_BUNDLE_IDENTIFIER = "hellensoloviy.Auth-SwiftUI-TestTests";
				PRODUCT_NAME = "$(TARGET_NAME)";
				SWIFT_EMIT_LOC_STRINGS = NO;
				SWIFT_VERSION = 5.0;
				TARGETED_DEVICE_FAMILY = "1,2";
				TEST_HOST = "$(BUILT_PRODUCTS_DIR)/Auth SwiftUI Test.app/$(BUNDLE_EXECUTABLE_FOLDER_PATH)/Auth SwiftUI Test";
			};
			name = Debug;
		};
		409E6FC72F18E74B00578499 /* Release */ = {
			isa = XCBuildConfiguration;
			buildSettings = {
				BUNDLE_LOADER = "$(TEST_HOST)";
				CODE_SIGN_STYLE = Automatic;
				CURRENT_PROJECT_VERSION = 1;
				GENERATE_INFOPLIST_FILE = YES;
				IPHONEOS_DEPLOYMENT_TARGET = 18.2;
				MARKETING_VERSION = 1.0;
				PRODUCT_BUNDLE_IDENTIFIER = "hellensoloviy.Auth-SwiftUI-TestTests";
				PRODUCT_NAME = "$(TARGET_NAME)";
				SWIFT_EMIT_LOC_STRINGS = NO;
				SWIFT_VERSION = 5.0;
				TARGETED_DEVICE_FAMILY = "1,2";
				TEST_HOST = "$(BUILT_PRODUCTS_DIR)/Auth SwiftUI Test.app/$(BUNDLE_EXECUTABLE_FOLDER_PATH)/Auth SwiftUI Test";
			};
			name = Release;
		};
		409E6FC92F18E74B00578499 /* Debug */ = {
			isa = XCBuildConfiguration;
			buildSettings = {
				CODE_SIGN_STYLE = Automatic;
				CURRENT_PROJECT_VERSION = 1;
				GENERATE_INFOPLIST_FILE = YES;
				MARKETING_VERSION = 1.0;
				PRODUCT_BUNDLE_IDENTIFIER = "hellensoloviy.Auth-SwiftUI-TestUITests";
				PRODUCT_NAME = "$(TARGET_NAME)";
				SWIFT_EMIT_LOC_STRINGS = NO;
				SWIFT_VERSION = 5.0;
				TARGETED_DEVICE_FAMILY = "1,2";
				TEST_TARGET_NAME = "Auth SwiftUI Test";
			};
			name = Debug;
		};
		409E6FCA2F18E74B00578499 /* Release */ = {
			isa = XCBuildConfiguration;
			buildSettings = {
				CODE_SIGN_STYLE = Automatic;
				CURRENT_PROJECT_VERSION = 1;
				GENERATE_INFOPLIST_FILE = YES;
				MARKETING_VERSION = 1.0;
				PRODUCT_BUNDLE_IDENTIFIER = "hellensoloviy.Auth-SwiftUI-TestUITests";
				PRODUCT_NAME = "$(TARGET_NAME)";
				SWIFT_EMIT_LOC_STRINGS = NO;
				SWIFT_VERSION = 5.0;
				TARGETED_DEVICE_FAMILY = "1,2";
				TEST_TARGET_NAME = "Auth SwiftUI Test";
			};
			name = Release;
		};
/* End XCBuildConfiguration section */

/* Begin XCConfigurationList section */
		409E6F992F18E74900578499 /* Build configuration list for PBXProject "Auth SwiftUI Test" */ = {
			isa = XCConfigurationList;
			buildConfigurations = (
				409E6FC02F18E74B00578499 /* Debug */,
				409E6FC12F18E74B00578499 /* Release */,
			);
			defaultConfigurationIsVisible = 0;
			defaultConfigurationName = Release;
		};
		409E6FC22F18E74B00578499 /* Build configuration list for PBXNativeTarget "Auth SwiftUI Test" */ = {
			isa = XCConfigurationList;
			buildConfigurations = (
				409E6FC32F18E74B00578499 /* Debug */,
				409E6FC42F18E74B00578499 /* Release */,
			);
			defaultConfigurationIsVisible = 0;
			defaultConfigurationName = Release;
		};
		409E6FC52F18E74B00578499 /* Build configuration list for PBXNativeTarget "Auth SwiftUI TestTests" */ = {
			isa = XCConfigurationList;
			buildConfigurations = (
				409E6FC62F18E74B00578499 /* Debug */,
				409E6FC72F18E74B00578499 /* Release */,
			);
			defaultConfigurationIsVisible = 0;
			defaultConfigurationName = Release;
		};
		409E6FC82F18E74B00578499 /* Build configuration list for PBXNativeTarget "Auth SwiftUI TestUITests" */ = {
			isa = XCConfigurationList;
			buildConfigurations = (
				409E6FC92F18E74B00578499 /* Debug */,
				409E6FCA2F18E74B00578499 /* Release */,
			);
			defaultConfigurationIsVisible = 0;
			defaultConfigurationName = Release;
		};
/* End XCConfigurationList section */
	};
	rootObject = 409E6F962F18E74900578499 /* Project object */;
}
